
Microsoft Visual Studio Solution File, Format Version 12.00
# Visual Studio 15
VisualStudioVersion = 15.0.28307.902
MinimumVisualStudioVersion = 10.0.40219.1
Project("{FAE04EC0-301F-11D3-BF4B-00C04F79EFBC}") = "SeleniumDocker", "SeleniumDocker\SeleniumDocker.csproj", "{B6D613E8-B94A-4CAD-89A4-A937768B90EC}"
EndProject
Global
	GlobalSection(SolutionConfigurationPlatforms) = preSolution
		Debug|Any CPU = Debug|Any CPU
		Release|Any CPU = Release|Any CPU
	EndGlobalSection
	GlobalSection(ProjectConfigurationPlatforms) = postSolution
		{B6D613E8-B94A-4CAD-89A4-A937768B90EC}.Debug|Any CPU.ActiveCfg = Debug|Any CPU
		{B6D613E8-B94A-4CAD-89A4-A937768B90EC}.Debug|Any CPU.Build.0 = Debug|Any CPU
		{B6D613E8-B94A-4CAD-89A4-A937768B90EC}.Release|Any CPU.ActiveCfg = Release|Any CPU
		{B6D613E8-B94A-4CAD-89A4-A937768B90EC}.Release|Any CPU.Build.0 = Release|Any CPU
	EndGlobalSection
	GlobalSection(SolutionProperties) = preSolution
		HideSolutionNode = FALSE
	EndGlobalSection
	GlobalSection(ExtensibilityGlobals) = postSolution
		SolutionGuid = {BDE1F4C1-EF29-4360-97EF-84AE7F3E93E5}
	EndGlobalSection
EndGlobal
